<?xml version="1.0" encoding="utf-8"?>
<Project ToolsVersion="4.0" xmlns="http://schemas.microsoft.com/developer/msbuild/2003">
  <ItemGroup>
    <Filter Include="Scenes">
      <UniqueIdentifier>{e1222f29-2d32-41a5-bb0f-f4d39c6057a6}</UniqueIdentifier>
    </Filter>
    <Filter Include="Prefabs">
      <UniqueIdentifier>{25096a12-569f-4f51-8648-9699176fdaf2}</UniqueIdentifier>
    </Filter>
    <Filter Include="Helpers">
      <UniqueIdentifier>{27d88d80-e81e-4a38-bd24-daba6e6588da}</UniqueIdentifier>
    </Filter>
    <Filter Include="Components">
      <UniqueIdentifier>{5f302783-3267-4b92-9c7f-388ac260ca49}</UniqueIdentifier>
    </Filter>
    <Filter Include="Components\Player">
      <UniqueIdentifier>{b77b9233-6123-4ad7-8451-3a59e9d9fcd0}</UniqueIdentifier>
    </Filter>
    <Filter Include="Components\FlyingDisc">
      <UniqueIdentifier>{be15b89d-7dd8-4240-9796-c27ea7fb052d}</UniqueIdentifier>
    </Filter>
    <Filter Include="Components\Cubes">
      <UniqueIdentifier>{51211986-f477-4b46-8ed7-805a6496d7dd}</UniqueIdentifier>
    </Filter>
    <Filter Include="Components\BaseEnemies">
      <UniqueIdentifier>{0c54ad3f-3327-4152-82d8-0d8521f9a4ac}</UniqueIdentifier>
    </Filter>
    <Filter Include="Components\CoilyInput">
      <UniqueIdentifier>{619c2ade-a17f-4d5c-819c-1c116c90bb92}</UniqueIdentifier>
    </Filter>
    <Filter Include="Components\General">
      <UniqueIdentifier>{dee8f2e2-f62d-4492-a56a-718bf5fbc4e5}</UniqueIdentifier>
    </Filter>
  </ItemGroup>
  <ItemGroup>
    <ClCompile Include="MainMenuScene.cpp">
      <Filter>Scenes</Filter>
    </ClCompile>
    <ClCompile Include="Cube.cpp">
      <Filter>Prefabs</Filter>
    </ClCompile>
    <ClCompile Include="LevelReader.cpp">
      <Filter>Helpers</Filter>
    </ClCompile>
    <ClCompile Include="GamePCH.cpp">
      <Filter>Helpers</Filter>
    </ClCompile>
    <ClCompile Include="QBert.cpp">
      <Filter>Prefabs</Filter>
    </ClCompile>
    <ClCompile Include="SinglePlayerLevel.cpp">
      <Filter>Scenes</Filter>
    </ClCompile>
    <ClCompile Include="FlyingDisc.cpp">
      <Filter>Prefabs</Filter>
    </ClCompile>
    <ClCompile Include="PlayerInputComponent.cpp">
      <Filter>Components\Player</Filter>
    </ClCompile>
    <ClCompile Include="FlyingDiscMovementComponent.cpp">
      <Filter>Components\FlyingDisc</Filter>
    </ClCompile>
    <ClCompile Include="FlyingDiscSpriteComponent.cpp">
      <Filter>Components\FlyingDisc</Filter>
    </ClCompile>
    <ClCompile Include="CubeHandleComponent.cpp">
      <Filter>Components\Cubes</Filter>
    </ClCompile>
    <ClCompile Include="SlickSam.cpp">
      <Filter>Prefabs</Filter>
    </ClCompile>
    <ClCompile Include="EnemyInputComponent.cpp">
      <Filter>Components\BaseEnemies</Filter>
    </ClCompile>
    <ClCompile Include="UggWrongway.cpp">
      <Filter>Prefabs</Filter>
    </ClCompile>
    <ClCompile Include="Coily.cpp">
      <Filter>Prefabs</Filter>
    </ClCompile>
    <ClCompile Include="PlayerDiscComponent.cpp">
      <Filter>Components\Player</Filter>
    </ClCompile>
    <ClCompile Include="SpriteObject.cpp">
      <Filter>Prefabs</Filter>
    </ClCompile>
    <ClCompile Include="TextureObject.cpp">
      <Filter>Prefabs</Filter>
    </ClCompile>
    <ClCompile Include="TextObject.cpp">
      <Filter>Prefabs</Filter>
    </ClCompile>
    <ClCompile Include="ScoreDisplayObject.cpp">
      <Filter>Prefabs</Filter>
    </ClCompile>
    <ClCompile Include="HealthDisplayObject.cpp">
      <Filter>Prefabs</Filter>
    </ClCompile>
    <ClCompile Include="CooperativeLevel.cpp">
      <Filter>Scenes</Filter>
    </ClCompile>
    <ClCompile Include="CoilyInputAIComponent.cpp">
      <Filter>Components\CoilyInput</Filter>
    </ClCompile>
    <ClCompile Include="VersusLevel.cpp">
      <Filter>Scenes</Filter>
    </ClCompile>
    <ClCompile Include="CoilyInputPlayerComponent.cpp">
      <Filter>Components\CoilyInput</Filter>
    </ClCompile>
    <ClCompile Include="HelperFunctions.cpp">
      <Filter>Helpers</Filter>
    </ClCompile>
    <ClCompile Include="Main.cpp" />
    <ClCompile Include="GameSpriteComponent.cpp">
      <Filter>Components\General</Filter>
    </ClCompile>
    <ClCompile Include="MovementComponent.cpp">
      <Filter>Components\General</Filter>
    </ClCompile>
    <ClCompile Include="RespawnComponent.cpp">
      <Filter>Components\General</Filter>
    </ClCompile>
  </ItemGroup>
  <ItemGroup>
    <ClInclude Include="MainMenuScene.h">
      <Filter>Scenes</Filter>
    </ClInclude>
    <ClInclude Include="Cube.h">
      <Filter>Prefabs</Filter>
    </ClInclude>
    <ClInclude Include="LevelReader.h">
      <Filter>Helpers</Filter>
    </ClInclude>
    <ClInclude Include="GamePCH.h">
      <Filter>Helpers</Filter>
    </ClInclude>
    <ClInclude Include="QBert.h">
      <Filter>Prefabs</Filter>
    </ClInclude>
    <ClInclude Include="SinglePlayerLevel.h">
      <Filter>Scenes</Filter>
    </ClInclude>
    <ClInclude Include="FlyingDisc.h">
      <Filter>Prefabs</Filter>
    </ClInclude>
    <ClInclude Include="PlayerInputComponent.h">
      <Filter>Components\Player</Filter>
    </ClInclude>
    <ClInclude Include="FlyingDiscSpriteComponent.h">
      <Filter>Components\FlyingDisc</Filter>
    </ClInclude>
    <ClInclude Include="FlyingDiscMovementComponent.h">
      <Filter>Components\FlyingDisc</Filter>
    </ClInclude>
    <ClInclude Include="CubeHandleComponent.h">
      <Filter>Components\Cubes</Filter>
    </ClInclude>
    <ClInclude Include="SlickSam.h">
      <Filter>Prefabs</Filter>
    </ClInclude>
    <ClInclude Include="EnemyInputComponent.h">
      <Filter>Components\BaseEnemies</Filter>
    </ClInclude>
    <ClInclude Include="UggWrongway.h">
      <Filter>Prefabs</Filter>
    </ClInclude>
    <ClInclude Include="Coily.h">
      <Filter>Prefabs</Filter>
    </ClInclude>
    <ClInclude Include="PlayerDiscComponent.h">
      <Filter>Components\Player</Filter>
    </ClInclude>
    <ClInclude Include="SpriteObject.h">
      <Filter>Prefabs</Filter>
    </ClInclude>
    <ClInclude Include="TextureObject.h">
      <Filter>Prefabs</Filter>
    </ClInclude>
    <ClInclude Include="TextObject.h">
      <Filter>Prefabs</Filter>
    </ClInclude>
    <ClInclude Include="ScoreDisplayObject.h">
      <Filter>Prefabs</Filter>
    </ClInclude>
    <ClInclude Include="HealthDisplayObject.h">
      <Filter>Prefabs</Filter>
    </ClInclude>
    <ClInclude Include="CooperativeLevel.h">
      <Filter>Scenes</Filter>
    </ClInclude>
    <ClInclude Include="CoilyInputAIComponent.h">
      <Filter>Components\CoilyInput</Filter>
    </ClInclude>
    <ClInclude Include="VersusLevel.h">
      <Filter>Scenes</Filter>
    </ClInclude>
    <ClInclude Include="CoilyInputPlayerComponent.h">
      <Filter>Components\CoilyInput</Filter>
    </ClInclude>
    <ClInclude Include="HelperFunctions.h">
      <Filter>Helpers</Filter>
    </ClInclude>
    <ClInclude Include="InputCommands.h">
      <Filter>Helpers</Filter>
    </ClInclude>
    <ClInclude Include="RespawnComponent.h">
      <Filter>Components\General</Filter>
    </ClInclude>
    <ClInclude Include="GameSpriteComponent.h">
      <Filter>Components\General</Filter>
    </ClInclude>
    <ClInclude Include="MovementComponent.h">
      <Filter>Components\General</Filter>
    </ClInclude>
  </ItemGroup>
</Project>