<?xml version="1.0" encoding="utf-8"?>
<Project ToolsVersion="4.0" xmlns="http://schemas.microsoft.com/developer/msbuild/2003">
  <ItemGroup>
    <Filter Include="imgui">
      <UniqueIdentifier>{a66e6e64-edef-4486-acc5-5ad212d65fae}</UniqueIdentifier>
    </Filter>
    <Filter Include="Observers">
      <UniqueIdentifier>{c251c84c-522c-4675-bb22-b015348cb63b}</UniqueIdentifier>
    </Filter>
    <Filter Include="Components">
      <UniqueIdentifier>{69d6b62e-13ac-4f9b-9e36-5260b01a972a}</UniqueIdentifier>
    </Filter>
    <Filter Include="Managers">
      <UniqueIdentifier>{a0da084d-26dc-432b-93e5-2105bc2526d6}</UniqueIdentifier>
    </Filter>
    <Filter Include="Minigin">
      <UniqueIdentifier>{2b3ac2f1-d189-4b3f-bff2-4d7b9db4c4e7}</UniqueIdentifier>
    </Filter>
    <Filter Include="Helpers">
      <UniqueIdentifier>{93995380-89BD-4b04-88EB-625FBE52EBFB}</UniqueIdentifier>
      <Extensions>h;hh;hpp;hxx;hm;inl;inc;xsd</Extensions>
    </Filter>
    <Filter Include="SoundSystem">
      <UniqueIdentifier>{679afe6b-209f-45e4-a543-1bf502292f8f}</UniqueIdentifier>
    </Filter>
    <Filter Include="Rapidjson">
      <UniqueIdentifier>{a5b3e45c-5df0-473d-b847-42816e8ee2b2}</UniqueIdentifier>
    </Filter>
    <Filter Include="prefabs">
      <UniqueIdentifier>{3c33280a-0e73-4c4e-ab40-336b3e658eb6}</UniqueIdentifier>
    </Filter>
  </ItemGroup>
  <ItemGroup>
    <ClInclude Include="Timer.h">
      <Filter>Helpers</Filter>
    </ClInclude>
    <ClInclude Include="Structs.h">
      <Filter>Helpers</Filter>
    </ClInclude>
    <ClInclude Include="..\3rdParty\imgui-1.81\imconfig.h">
      <Filter>imgui</Filter>
    </ClInclude>
    <ClInclude Include="..\3rdParty\imgui-1.81\imgui.h">
      <Filter>imgui</Filter>
    </ClInclude>
    <ClInclude Include="..\3rdParty\imgui-1.81\imgui_internal.h">
      <Filter>imgui</Filter>
    </ClInclude>
    <ClInclude Include="..\3rdParty\imgui-1.81\imstb_rectpack.h">
      <Filter>imgui</Filter>
    </ClInclude>
    <ClInclude Include="..\3rdParty\imgui-1.81\imstb_textedit.h">
      <Filter>imgui</Filter>
    </ClInclude>
    <ClInclude Include="..\3rdParty\imgui-1.81\imstb_truetype.h">
      <Filter>imgui</Filter>
    </ClInclude>
    <ClInclude Include="..\3rdParty\imgui-1.81\backends\imgui_impl_opengl2.h">
      <Filter>imgui</Filter>
    </ClInclude>
    <ClInclude Include="..\3rdParty\imgui-1.81\backends\imgui_impl_sdl.h">
      <Filter>imgui</Filter>
    </ClInclude>
    <ClInclude Include="Command.h">
      <Filter>Helpers</Filter>
    </ClInclude>
    <ClInclude Include="Events.h">
      <Filter>Observers</Filter>
    </ClInclude>
    <ClInclude Include="Observer.h">
      <Filter>Observers</Filter>
    </ClInclude>
    <ClInclude Include="TransformComponent.h">
      <Filter>Components</Filter>
    </ClInclude>
    <ClInclude Include="TextureComponent.h">
      <Filter>Components</Filter>
    </ClInclude>
    <ClInclude Include="TextComponent.h">
      <Filter>Components</Filter>
    </ClInclude>
    <ClInclude Include="Component.h">
      <Filter>Components</Filter>
    </ClInclude>
    <ClInclude Include="SceneManager.h">
      <Filter>Managers</Filter>
    </ClInclude>
    <ClInclude Include="Singleton.h">
      <Filter>Managers</Filter>
    </ClInclude>
    <ClInclude Include="ResourceManager.h">
      <Filter>Managers</Filter>
    </ClInclude>
    <ClInclude Include="InputManager.h">
      <Filter>Managers</Filter>
    </ClInclude>
    <ClInclude Include="FPS.h">
      <Filter>Components</Filter>
    </ClInclude>
    <ClInclude Include="HealthComponent.h">
      <Filter>Components</Filter>
    </ClInclude>
    <ClInclude Include="SubjectComponent.h">
      <Filter>Components</Filter>
    </ClInclude>
    <ClInclude Include="HealthDisplayComponent.h">
      <Filter>Components</Filter>
    </ClInclude>
    <ClInclude Include="ScoreComponent.h">
      <Filter>Components</Filter>
    </ClInclude>
    <ClInclude Include="ScoreDisplayComponent.h">
      <Filter>Components</Filter>
    </ClInclude>
    <ClInclude Include="HealthDisplayObserver.h">
      <Filter>Observers</Filter>
    </ClInclude>
    <ClInclude Include="ScoreDisplayObserver.h">
      <Filter>Observers</Filter>
    </ClInclude>
    <ClInclude Include="Scene.h">
      <Filter>Minigin</Filter>
    </ClInclude>
    <ClInclude Include="Font.h">
      <Filter>Minigin</Filter>
    </ClInclude>
    <ClInclude Include="GameObject.h">
      <Filter>Minigin</Filter>
    </ClInclude>
    <ClInclude Include="Minigin.h">
      <Filter>Minigin</Filter>
    </ClInclude>
    <ClInclude Include="MiniginPCH.h">
      <Filter>Minigin</Filter>
    </ClInclude>
    <ClInclude Include="Renderer.h">
      <Filter>Minigin</Filter>
    </ClInclude>
    <ClInclude Include="Texture2D.h">
      <Filter>Minigin</Filter>
    </ClInclude>
    <ClInclude Include="SoundSystem.h">
      <Filter>SoundSystem</Filter>
    </ClInclude>
    <ClInclude Include="SoundSystemServiceLocator.h">
      <Filter>SoundSystem</Filter>
    </ClInclude>
    <ClInclude Include="SDLSoundSystem.h">
      <Filter>SoundSystem</Filter>
    </ClInclude>
    <ClInclude Include="MutedSoundSystem.h">
      <Filter>SoundSystem</Filter>
    </ClInclude>
    <ClInclude Include="..\3rdParty\rapidjson\document.h">
      <Filter>Rapidjson</Filter>
    </ClInclude>
    <ClInclude Include="..\3rdParty\rapidjson\filereadstream.h">
      <Filter>Rapidjson</Filter>
    </ClInclude>
    <ClInclude Include="..\3rdParty\rapidjson\rapidjson.h">
      <Filter>Rapidjson</Filter>
    </ClInclude>
    <ClInclude Include="..\3rdParty\rapidjson\stream.h">
      <Filter>Rapidjson</Filter>
    </ClInclude>
    <ClInclude Include="Prefab.h">
      <Filter>prefabs</Filter>
    </ClInclude>
    <ClInclude Include="PrefabFactory.h">
      <Filter>Helpers</Filter>
    </ClInclude>
    <ClInclude Include="Logger.h">
      <Filter>Helpers</Filter>
    </ClInclude>
  </ItemGroup>
  <ItemGroup>
    <ClCompile Include="..\3rdParty\imgui-1.81\imgui.cpp">
      <Filter>imgui</Filter>
    </ClCompile>
    <ClCompile Include="..\3rdParty\imgui-1.81\imgui_demo.cpp">
      <Filter>imgui</Filter>
    </ClCompile>
    <ClCompile Include="..\3rdParty\imgui-1.81\imgui_draw.cpp">
      <Filter>imgui</Filter>
    </ClCompile>
    <ClCompile Include="..\3rdParty\imgui-1.81\imgui_tables.cpp">
      <Filter>imgui</Filter>
    </ClCompile>
    <ClCompile Include="..\3rdParty\imgui-1.81\imgui_widgets.cpp">
      <Filter>imgui</Filter>
    </ClCompile>
    <ClCompile Include="..\3rdParty\imgui-1.81\backends\imgui_impl_opengl2.cpp">
      <Filter>imgui</Filter>
    </ClCompile>
    <ClCompile Include="..\3rdParty\imgui-1.81\backends\imgui_impl_sdl.cpp">
      <Filter>imgui</Filter>
    </ClCompile>
    <ClCompile Include="Observer.cpp">
      <Filter>Observers</Filter>
    </ClCompile>
    <ClCompile Include="TextComponent.cpp">
      <Filter>Components</Filter>
    </ClCompile>
    <ClCompile Include="TextureComponent.cpp">
      <Filter>Components</Filter>
    </ClCompile>
    <ClCompile Include="TransformComponent.cpp">
      <Filter>Components</Filter>
    </ClCompile>
    <ClCompile Include="Component.cpp">
      <Filter>Components</Filter>
    </ClCompile>
    <ClCompile Include="ResourceManager.cpp">
      <Filter>Managers</Filter>
    </ClCompile>
    <ClCompile Include="SceneManager.cpp">
      <Filter>Managers</Filter>
    </ClCompile>
    <ClCompile Include="InputManager.cpp">
      <Filter>Managers</Filter>
    </ClCompile>
    <ClCompile Include="FPS.cpp">
      <Filter>Components</Filter>
    </ClCompile>
    <ClCompile Include="HealthComponent.cpp">
      <Filter>Components</Filter>
    </ClCompile>
    <ClCompile Include="SubjectComponent.cpp">
      <Filter>Components</Filter>
    </ClCompile>
    <ClCompile Include="HealthDisplayComponent.cpp">
      <Filter>Components</Filter>
    </ClCompile>
    <ClCompile Include="ScoreComponent.cpp">
      <Filter>Components</Filter>
    </ClCompile>
    <ClCompile Include="ScoreDisplayComponent.cpp">
      <Filter>Components</Filter>
    </ClCompile>
    <ClCompile Include="HealthDisplayObserver.cpp">
      <Filter>Observers</Filter>
    </ClCompile>
    <ClCompile Include="ScoreDisplayObserver.cpp">
      <Filter>Observers</Filter>
    </ClCompile>
    <ClCompile Include="Texture2D.cpp">
      <Filter>Minigin</Filter>
    </ClCompile>
    <ClCompile Include="GameObject.cpp">
      <Filter>Minigin</Filter>
    </ClCompile>
    <ClCompile Include="Minigin.cpp">
      <Filter>Minigin</Filter>
    </ClCompile>
    <ClCompile Include="MiniginPCH.cpp">
      <Filter>Minigin</Filter>
    </ClCompile>
    <ClCompile Include="Renderer.cpp">
      <Filter>Minigin</Filter>
    </ClCompile>
    <ClCompile Include="Scene.cpp">
      <Filter>Minigin</Filter>
    </ClCompile>
    <ClCompile Include="Font.cpp">
      <Filter>Minigin</Filter>
    </ClCompile>
    <ClCompile Include="Timer.cpp">
      <Filter>Helpers</Filter>
    </ClCompile>
    <ClCompile Include="SoundSystem.cpp">
      <Filter>SoundSystem</Filter>
    </ClCompile>
    <ClCompile Include="SoundSystemServiceLocator.cpp">
      <Filter>SoundSystem</Filter>
    </ClCompile>
    <ClCompile Include="SDLSoundSystem.cpp">
      <Filter>SoundSystem</Filter>
    </ClCompile>
    <ClCompile Include="MutedSoundSystem.cpp">
      <Filter>SoundSystem</Filter>
    </ClCompile>
    <ClCompile Include="Prefab.cpp">
      <Filter>prefabs</Filter>
    </ClCompile>
    <ClCompile Include="PrefabFactory.cpp">
      <Filter>Helpers</Filter>
    </ClCompile>
    <ClCompile Include="Logger.cpp">
      <Filter>Helpers</Filter>
    </ClCompile>
  </ItemGroup>
</Project>